
Microsoft Visual Studio Solution File, Format Version 12.00
# Visual Studio Version 17
VisualStudioVersion = 17.7.34031.279
MinimumVisualStudioVersion = 10.0.40219.1
Project("{FAE04EC0-301F-11D3-BF4B-00C04F79EFBC}") = "Llista03", "Llista03.csproj", "{FBB808EE-C9E3-4E9E-9F0A-B7528735119B}"
EndProject
Global
	GlobalSection(SolutionConfigurationPlatforms) = preSolution
		Debug|Any CPU = Debug|Any CPU
		Release|Any CPU = Release|Any CPU
	EndGlobalSection
	GlobalSection(ProjectConfigurationPlatforms) = postSolution
		{FBB808EE-C9E3-4E9E-9F0A-B7528735119B}.Debug|Any CPU.ActiveCfg = Debug|Any CPU
		{FBB808EE-C9E3-4E9E-9F0A-B7528735119B}.Debug|Any CPU.Build.0 = Debug|Any CPU
		{FBB808EE-C9E3-4E9E-9F0A-B7528735119B}.Release|Any CPU.ActiveCfg = Release|Any CPU
		{FBB808EE-C9E3-4E9E-9F0A-B7528735119B}.Release|Any CPU.Build.0 = Release|Any CPU
	EndGlobalSection
	GlobalSection(SolutionProperties) = preSolution
		HideSolutionNode = FALSE
	EndGlobalSection
	GlobalSection(ExtensibilityGlobals) = postSolution
		SolutionGuid = {E5970EDD-5706-4A35-B2BF-704852D0C4A7}
	EndGlobalSection
EndGlobal
